{
  "name": "chcknlegwill-website-bun",
  "lockfileVersion": 3,
  "requires": true,
  "packages": {
    "": {
      "name": "chcknlegwill-website-bun",
      "dependencies": {
        "elysia": "^1.1.22"
      },
      "devDependencies": {
        "@types/bun": "^1.1.11"
      },
      "peerDependencies": {
        "typescript": "^5.0.0"
      }
    },
    "node_modules/@sinclair/typebox": {
      "version": "0.32.34",
      "resolved": "https://registry.npmjs.org/@sinclair/typebox/-/typebox-0.32.34.tgz",
      "integrity": "sha512-a3Z3ytYl6R/+7ldxx04PO1semkwWlX/8pTqxsPw4quIcIXDFPZhOc1Wx8azWmkU26ccK3mHwcWenn0avNgAKQg==",
      "license": "MIT"
    },
    "node_modules/@types/bun": {
      "version": "1.1.11",
      "resolved": "https://registry.npmjs.org/@types/bun/-/bun-1.1.11.tgz",
      "integrity": "sha512-0N7D/H/8sbf9JMkaG5F3+I/cB4TlhKTkO9EskEWP8XDr8aVcDe4EywSnU4cnyZy6tar1dq70NeFNkqMEUigthw==",
      "dev": true,
      "license": "MIT",
      "dependencies": {
        "bun-types": "1.1.30"
      }
    },
    "node_modules/@types/node": {
      "version": "20.12.14",
      "dev": true,
      "license": "MIT",
      "dependencies": {
        "undici-types": "~5.26.4"
      }
    },
    "node_modules/@types/ws": {
      "version": "8.5.12",
      "dev": true,
      "license": "MIT",
      "dependencies": {
        "@types/node": "*"
      }
    },
    "node_modules/bun-types": {
      "version": "1.1.30",
      "dev": true,
      "license": "MIT",
      "dependencies": {
        "@types/node": "~20.12.8",
        "@types/ws": "~8.5.10"
      }
    },
    "node_modules/cookie": {
      "version": "0.6.0",
      "resolved": "https://registry.npmjs.org/cookie/-/cookie-0.6.0.tgz",
      "integrity": "sha512-U71cyTamuh1CRNCfpGY6to28lxvNwPG4Guz/EVjgf3Jmzv0vlDp1atT9eS5dDjMYHucpHbWns6Lwf3BKz6svdw==",
      "license": "MIT",
      "engines": {
        "node": ">= 0.6"
      }
    },
    "node_modules/elysia": {
      "version": "1.1.22",
      "resolved": "https://registry.npmjs.org/elysia/-/elysia-1.1.22.tgz",
      "integrity": "sha512-nZB+p1UgIEMCIN9CU0jd6mRnjY7Ftovenziv10pAPVEYi+sxVm0vS8WUnnpcLyaMsL7KADObCzFeZKRXMvgruQ==",
      "license": "MIT",
      "dependencies": {
        "@sinclair/typebox": "0.32.34",
        "cookie": "^0.6.0",
        "fast-decode-uri-component": "^1.0.1",
        "openapi-types": "^12.1.3"
      },
      "peerDependencies": {
        "@sinclair/typebox": ">= 0.32.0",
        "openapi-types": ">= 12.0.0",
        "typescript": ">= 5.0.0"
      },
      "peerDependenciesMeta": {
        "openapi-types": {
          "optional": true
        },
        "typescript": {
          "optional": true
        }
      }
    },
    "node_modules/fast-decode-uri-component": {
      "version": "1.0.1",
      "resolved": "https://registry.npmjs.org/fast-decode-uri-component/-/fast-decode-uri-component-1.0.1.tgz",
      "integrity": "sha512-WKgKWg5eUxvRZGwW8FvfbaH7AXSh2cL+3j5fMGzUMCxWBJ3dV3a7Wz8y2f/uQ0e3B6WmodD3oS54jTQ9HVTIIg==",
      "license": "MIT"
    },
    "node_modules/openapi-types": {
      "version": "12.1.3",
      "resolved": "https://registry.npmjs.org/openapi-types/-/openapi-types-12.1.3.tgz",
      "integrity": "sha512-N4YtSYJqghVu4iek2ZUvcN/0aqH1kRDuNqzcycDxhOUpg7GdvLa2F3DgS6yBNhInhv2r/6I0Flkn7CqL8+nIcw==",
      "license": "MIT"
    },
    "node_modules/typescript": {
      "version": "5.6.3",
      "license": "Apache-2.0",
      "peer": true,
      "bin": {
        "tsc": "bin/tsc",
        "tsserver": "bin/tsserver"
      },
      "engines": {
        "node": ">=14.17"
      }
    },
    "node_modules/undici-types": {
      "version": "5.26.5",
      "dev": true,
      "license": "MIT"
    }
  }
}
